<?xml version="1.0" encoding="utf-8"?>
<Project ToolsVersion="4.0" xmlns="http://schemas.microsoft.com/developer/msbuild/2003">
  <ItemGroup>
    <Filter Include="Common">
      <UniqueIdentifier>c2d376cd-01d3-4161-ae70-8caf697a9abf</UniqueIdentifier>
    </Filter>
    <Filter Include="Assets">
      <UniqueIdentifier>33d27b96-0970-45dd-ba5c-04a726dfdc18</UniqueIdentifier>
      <Extensions>ico;cur;bmp;dds;dlg;fbx;rct;bin;rgs;gif;jpg;jpeg;jpe;resx;tga;tiff;tif;png;wav;mfcribbon-ms</Extensions>
    </Filter>
    <Filter Include="Game">
      <UniqueIdentifier>{d90780cd-483c-4c57-921d-c0c1caf96503}</UniqueIdentifier>
    </Filter>
    <Filter Include="Game\Obj">
      <UniqueIdentifier>{61c53526-3e43-4d0b-907d-e220a9b47b18}</UniqueIdentifier>
    </Filter>
    <Filter Include="FBX">
      <UniqueIdentifier>{2761e7c1-05fa-42a1-a78e-be42813f292c}</UniqueIdentifier>
    </Filter>
    <Filter Include="Game\Component">
      <UniqueIdentifier>{d281dfd9-b8af-4c30-8f59-33ae38597297}</UniqueIdentifier>
    </Filter>
    <Filter Include="DebugCollision">
      <UniqueIdentifier>{b1d132f3-8c3a-4330-9e75-f523ee0f0909}</UniqueIdentifier>
    </Filter>
    <Filter Include="Game\Collision">
      <UniqueIdentifier>{e3f35b33-654b-4835-a593-2c81efa8c007}</UniqueIdentifier>
    </Filter>
    <Filter Include="Game\GameComponent">
      <UniqueIdentifier>{5704ce68-7540-40fa-9b88-d3dc06fc67dd}</UniqueIdentifier>
    </Filter>
    <Filter Include="Game\Obj\Function">
      <UniqueIdentifier>{9f6db4a6-529a-4d47-ab54-3aefc3d49bc0}</UniqueIdentifier>
    </Filter>
    <Filter Include="Utility">
      <UniqueIdentifier>{2b3666eb-1e9c-447f-a470-754b5455f994}</UniqueIdentifier>
    </Filter>
    <Filter Include="Game\Component\Draw">
      <UniqueIdentifier>{d986f92e-b066-4476-8918-3b4f8b5edabb}</UniqueIdentifier>
    </Filter>
    <Filter Include="Game\Component\Collision">
      <UniqueIdentifier>{e7b55852-6e7f-46fe-a46c-2ee3898a3558}</UniqueIdentifier>
    </Filter>
    <Filter Include="Game\Component\Input">
      <UniqueIdentifier>{7bb79d06-11ea-44cb-a53b-2646ac51ba07}</UniqueIdentifier>
    </Filter>
    <Filter Include="Game\Component\Physics">
      <UniqueIdentifier>{e0e332df-6d0c-4f11-8377-d9e27cf840b8}</UniqueIdentifier>
    </Filter>
    <Filter Include="Game\Command">
      <UniqueIdentifier>{740a5db0-34df-4401-b9ef-f11dfbcf4147}</UniqueIdentifier>
    </Filter>
    <Filter Include="Game\Obj\Factory">
      <UniqueIdentifier>{b9c2467b-ffda-4e0b-861c-54aa2d675c32}</UniqueIdentifier>
    </Filter>
    <Filter Include="Game\Scene">
      <UniqueIdentifier>{6bc33e7b-6f93-4d98-a609-c260f227efcd}</UniqueIdentifier>
    </Filter>
    <Filter Include="Game\GameComponent\Button">
      <UniqueIdentifier>{eb434c89-6064-4901-8fcb-15bad58fc3aa}</UniqueIdentifier>
    </Filter>
    <Filter Include="Game\GameComponent\BaseObject">
      <UniqueIdentifier>{10e480d4-d826-4d78-a374-69d35d5de545}</UniqueIdentifier>
    </Filter>
    <Filter Include="Game\GameComponent\Wall">
      <UniqueIdentifier>{b35dd07a-a5a5-4a08-92b2-95f8077d594d}</UniqueIdentifier>
    </Filter>
    <Filter Include="Game\Data">
      <UniqueIdentifier>{c562a829-36de-4be3-b8d5-0214eef5fbb1}</UniqueIdentifier>
    </Filter>
    <Filter Include="Game\GameComponent\Title">
      <UniqueIdentifier>{17d2ccb8-2a30-4f09-8045-b5f25a800466}</UniqueIdentifier>
    </Filter>
  </ItemGroup>
  <ItemGroup>
    <ClInclude Include="pch.h" />
    <ClInclude Include="Game.h" />
    <ClInclude Include="StepTimer.h">
      <Filter>Common</Filter>
    </ClInclude>
    <ClInclude Include="DeviceResources.h">
      <Filter>Common</Filter>
    </ClInclude>
    <ClInclude Include="DebugCamera.h" />
    <ClInclude Include="GridFloor.h" />
    <ClInclude Include="Game\Object\Entity.h">
      <Filter>Game\Obj</Filter>
    </ClInclude>
    <ClInclude Include="Game\Command\Command.h">
      <Filter>Game\Command</Filter>
    </ClInclude>
    <ClInclude Include="Game\Command\AdvanceCommand.h">
      <Filter>Game\Command</Filter>
    </ClInclude>
    <ClInclude Include="Game\Command\InputHandler.h">
      <Filter>Game\Command</Filter>
    </ClInclude>
    <ClInclude Include="Game\Command\RecessionCommand.h">
      <Filter>Game\Command</Filter>
    </ClInclude>
    <ClInclude Include="Game\Command\LeftCommand.h">
      <Filter>Game\Command</Filter>
    </ClInclude>
    <ClInclude Include="Game\Command\RightCommand.h">
      <Filter>Game\Command</Filter>
    </ClInclude>
    <ClInclude Include="Game\DebugCollision\DebugBox.h">
      <Filter>DebugCollision</Filter>
    </ClInclude>
    <ClInclude Include="Game\DebugCollision\DebugCapsule.h">
      <Filter>DebugCollision</Filter>
    </ClInclude>
    <ClInclude Include="Game\DebugCollision\DebugSphere.h">
      <Filter>DebugCollision</Filter>
    </ClInclude>
    <ClInclude Include="Game\Command\DownCommand.h">
      <Filter>Game\Command</Filter>
    </ClInclude>
    <ClInclude Include="Game\Command\UpCommand.h">
      <Filter>Game\Command</Filter>
    </ClInclude>
    <ClInclude Include="Camera.h" />
    <ClInclude Include="MyCamera.h" />
    <ClInclude Include="Game\Command\ShotCommand.h">
      <Filter>Game\Command</Filter>
    </ClInclude>
    <ClInclude Include="Game\Collision\Collision.h">
      <Filter>Game\Collision</Filter>
    </ClInclude>
    <ClInclude Include="Game\Collision\CCell.h">
      <Filter>Game\Collision</Filter>
    </ClInclude>
    <ClInclude Include="Game\Object\ModelData.h">
      <Filter>Game\Obj</Filter>
    </ClInclude>
    <ClInclude Include="Game\Object\EntityVector.h">
      <Filter>Game\Obj</Filter>
    </ClInclude>
    <ClInclude Include="Game\GameComponent\BulletComponent.h">
      <Filter>Game\GameComponent</Filter>
    </ClInclude>
    <ClInclude Include="Game\Object\Function\FunctionComponent.h">
      <Filter>Game\Obj\Function</Filter>
    </ClInclude>
    <ClInclude Include="Game\Utility\Utility.h">
      <Filter>Utility</Filter>
    </ClInclude>
    <ClInclude Include="Game\Utility\BidirectionalList.h">
      <Filter>Utility</Filter>
    </ClInclude>
    <ClInclude Include="Game\Utility\RegisterTo.h">
      <Filter>Utility</Filter>
    </ClInclude>
    <ClInclude Include="Game\Component\Component.h">
      <Filter>Game\Component</Filter>
    </ClInclude>
    <ClInclude Include="Game\Component\ComponentLib.h">
      <Filter>Game\Component</Filter>
    </ClInclude>
    <ClInclude Include="Game\Component\Draw\ModelComponent.h">
      <Filter>Game\Component\Draw</Filter>
    </ClInclude>
    <ClInclude Include="Game\Component\Collision\BoxCollisionComponent.h">
      <Filter>Game\Component\Collision</Filter>
    </ClInclude>
    <ClInclude Include="Game\Component\Collision\PlaneCollisionComponent.h">
      <Filter>Game\Component\Collision</Filter>
    </ClInclude>
    <ClInclude Include="Game\Component\Collision\SphereCollisionComponent.h">
      <Filter>Game\Component\Collision</Filter>
    </ClInclude>
    <ClInclude Include="Game\Component\Input\InputComponent.h">
      <Filter>Game\Component\Input</Filter>
    </ClInclude>
    <ClInclude Include="Game\Component\Physics\PhysicsComponent.h">
      <Filter>Game\Component\Physics</Filter>
    </ClInclude>
    <ClInclude Include="Game\Component\Draw\UIRenderer.h">
      <Filter>Game\Component\Draw</Filter>
    </ClInclude>
    <ClInclude Include="Game\Object\SpriteData.h">
      <Filter>Game\Obj</Filter>
    </ClInclude>
    <ClInclude Include="Game\Object\Factory\BulletFactory.h">
      <Filter>Game\Obj\Factory</Filter>
    </ClInclude>
    <ClInclude Include="Game\Object\Factory\CarFactory.h">
      <Filter>Game\Obj\Factory</Filter>
    </ClInclude>
    <ClInclude Include="Game\GameComponent\EnemyComponent.h">
      <Filter>Game\GameComponent</Filter>
    </ClInclude>
    <ClInclude Include="Game\Scene\SceneManager.h">
      <Filter>Game\Scene</Filter>
    </ClInclude>
    <ClInclude Include="Game\Scene\ScenePlay.h">
      <Filter>Game\Scene</Filter>
    </ClInclude>
    <ClInclude Include="Game\Scene\SceneTitle.h">
      <Filter>Game\Scene</Filter>
    </ClInclude>
    <ClInclude Include="Game\Component\TestComponent.h">
      <Filter>Game\Component</Filter>
    </ClInclude>
    <ClInclude Include="Game\GameComponent\Button\ButtonComponent.h">
      <Filter>Game\GameComponent\Button</Filter>
    </ClInclude>
    <ClInclude Include="Game\DebugCollision\DebugPlane.h">
      <Filter>DebugCollision</Filter>
    </ClInclude>
    <ClInclude Include="Game\GameComponent\BaseObject\BaseObjectComponent.h">
      <Filter>Game\GameComponent\BaseObject</Filter>
    </ClInclude>
    <ClInclude Include="Game\GameComponent\Wall\WallComponent.h">
      <Filter>Game\GameComponent\Wall</Filter>
    </ClInclude>
    <ClInclude Include="Game\Data\Data.h">
      <Filter>Game\Data</Filter>
    </ClInclude>
    <ClInclude Include="Game\GameComponent\GameComponentLib.h">
      <Filter>Game\GameComponent</Filter>
    </ClInclude>
    <ClInclude Include="Game\Component\Collision\MeshCollisionComponent.h">
      <Filter>Game\Component\Collision</Filter>
    </ClInclude>
    <ClInclude Include="Game\DebugCollision\DebugMesh.h">
      <Filter>DebugCollision</Filter>
    </ClInclude>
    <ClInclude Include="Game\Component\Collision\CollisionComponent.h">
      <Filter>Game\Component\Collision</Filter>
    </ClInclude>
    <ClInclude Include="Game\GameComponent\Button\StartButton.h">
      <Filter>Game\GameComponent\Button</Filter>
    </ClInclude>
    <ClInclude Include="Game\Command\DriftCommand.h">
      <Filter>Game\Command</Filter>
    </ClInclude>
    <ClInclude Include="Game\GameComponent\Title\LineOfSightComponent.h">
      <Filter>Game\GameComponent\Title</Filter>
    </ClInclude>
    <ClInclude Include="Game\GameComponent\Title\ShotComponent.h">
      <Filter>Game\GameComponent\Title</Filter>
    </ClInclude>
    <ClInclude Include="Game\GameComponent\Title\AppearTitleComponent.h">
      <Filter>Game\GameComponent\Title</Filter>
    </ClInclude>
    <ClInclude Include="Game\Object\Transform.h">
      <Filter>Game\Obj</Filter>
    </ClInclude>
  </ItemGroup>
  <ItemGroup>
    <ClCompile Include="pch.cpp" />
    <ClCompile Include="Game.cpp" />
    <ClCompile Include="Main.cpp" />
    <ClCompile Include="DeviceResources.cpp">
      <Filter>Common</Filter>
    </ClCompile>
    <ClCompile Include="DebugCamera.cpp" />
    <ClCompile Include="GridFloor.cpp" />
    <ClCompile Include="Game\Command\AdvanceCommand.cpp">
      <Filter>Game\Command</Filter>
    </ClCompile>
    <ClCompile Include="Game\Command\InputHandler.cpp">
      <Filter>Game\Command</Filter>
    </ClCompile>
    <ClCompile Include="Game\Object\Entity.cpp">
      <Filter>Game\Obj</Filter>
    </ClCompile>
    <ClCompile Include="Game\Command\RecessionCommand.cpp">
      <Filter>Game\Command</Filter>
    </ClCompile>
    <ClCompile Include="Game\Command\LeftCommand.cpp">
      <Filter>Game\Command</Filter>
    </ClCompile>
    <ClCompile Include="Game\Command\RightCommand.cpp">
      <Filter>Game\Command</Filter>
    </ClCompile>
    <ClCompile Include="Game\DebugCollision\DebugBox.cpp">
      <Filter>DebugCollision</Filter>
    </ClCompile>
    <ClCompile Include="Game\DebugCollision\DebugCapsule.cpp">
      <Filter>DebugCollision</Filter>
    </ClCompile>
    <ClCompile Include="Game\DebugCollision\DebugSphere.cpp">
      <Filter>DebugCollision</Filter>
    </ClCompile>
    <ClCompile Include="Game\Command\DownCommand.cpp">
      <Filter>Game\Command</Filter>
    </ClCompile>
    <ClCompile Include="Game\Command\UpCommand.cpp">
      <Filter>Game\Command</Filter>
    </ClCompile>
    <ClCompile Include="Camera.cpp" />
    <ClCompile Include="MyCamera.cpp" />
    <ClCompile Include="Game\Command\ShotCommand.cpp">
      <Filter>Game\Command</Filter>
    </ClCompile>
    <ClCompile Include="Game\Collision\Collision.cpp">
      <Filter>Game\Collision</Filter>
    </ClCompile>
    <ClCompile Include="Game\Collision\CCell.cpp">
      <Filter>Game\Collision</Filter>
    </ClCompile>
    <ClCompile Include="Game\Object\ModelData.cpp">
      <Filter>Game\Obj</Filter>
    </ClCompile>
    <ClCompile Include="Game\Object\EntityVector.cpp">
      <Filter>Game\Obj</Filter>
    </ClCompile>
    <ClCompile Include="Game\GameComponent\BulletComponent.cpp">
      <Filter>Game\GameComponent</Filter>
    </ClCompile>
    <ClCompile Include="Game\Object\Function\FunctionComponent.cpp">
      <Filter>Game\Obj\Function</Filter>
    </ClCompile>
    <ClCompile Include="Game\Component\Draw\ModelComponent.cpp">
      <Filter>Game\Component\Draw</Filter>
    </ClCompile>
    <ClCompile Include="Game\Component\Collision\BoxCollisionComponent.cpp">
      <Filter>Game\Component\Collision</Filter>
    </ClCompile>
    <ClCompile Include="Game\Component\Collision\PlaneCollisionComponent.cpp">
      <Filter>Game\Component\Collision</Filter>
    </ClCompile>
    <ClCompile Include="Game\Component\Collision\SphereCollisionComponent.cpp">
      <Filter>Game\Component\Collision</Filter>
    </ClCompile>
    <ClCompile Include="Game\Component\Input\InputComponent.cpp">
      <Filter>Game\Component\Input</Filter>
    </ClCompile>
    <ClCompile Include="Game\Component\Physics\PhysicsComponent.cpp">
      <Filter>Game\Component\Physics</Filter>
    </ClCompile>
    <ClCompile Include="Game\Component\Draw\UIRenderer.cpp">
      <Filter>Game\Component\Draw</Filter>
    </ClCompile>
    <ClCompile Include="Game\Object\SpriteData.cpp">
      <Filter>Game\Obj</Filter>
    </ClCompile>
    <ClCompile Include="Game\Object\Factory\BulletFactory.cpp">
      <Filter>Game\Obj\Factory</Filter>
    </ClCompile>
    <ClCompile Include="Game\Object\Factory\CarFactory.cpp">
      <Filter>Game\Obj\Factory</Filter>
    </ClCompile>
    <ClCompile Include="Game\GameComponent\EnemyComponent.cpp">
      <Filter>Game\GameComponent</Filter>
    </ClCompile>
    <ClCompile Include="Game\Scene\SceneManager.cpp">
      <Filter>Game\Scene</Filter>
    </ClCompile>
    <ClCompile Include="Game\Scene\ScenePlay.cpp">
      <Filter>Game\Scene</Filter>
    </ClCompile>
    <ClCompile Include="Game\Scene\SceneTitle.cpp">
      <Filter>Game\Scene</Filter>
    </ClCompile>
    <ClCompile Include="Game\Component\TestComponent.cpp">
      <Filter>Game\Component</Filter>
    </ClCompile>
    <ClCompile Include="Game\GameComponent\Button\ButtonComponent.cpp">
      <Filter>Game\GameComponent\Button</Filter>
    </ClCompile>
    <ClCompile Include="Game\DebugCollision\DebugPlane.cpp">
      <Filter>DebugCollision</Filter>
    </ClCompile>
    <ClCompile Include="Game\GameComponent\BaseObject\BaseObjectComponent.cpp">
      <Filter>Game\GameComponent\BaseObject</Filter>
    </ClCompile>
    <ClCompile Include="Game\GameComponent\Wall\WallComponent.cpp">
      <Filter>Game\GameComponent\Wall</Filter>
    </ClCompile>
    <ClCompile Include="Game\Component\Collision\MeshCollisionComponent.cpp">
      <Filter>Game\Component\Collision</Filter>
    </ClCompile>
    <ClCompile Include="Game\DebugCollision\DebugMesh.cpp">
      <Filter>DebugCollision</Filter>
    </ClCompile>
    <ClCompile Include="Game\Component\Collision\CollisionComponent.cpp">
      <Filter>Game\Component\Collision</Filter>
    </ClCompile>
    <ClCompile Include="Game\GameComponent\Button\StartButton.cpp">
      <Filter>Game\GameComponent\Button</Filter>
    </ClCompile>
    <ClCompile Include="Game\Command\DriftCommand.cpp">
      <Filter>Game\Command</Filter>
    </ClCompile>
    <ClCompile Include="Game\GameComponent\Title\LineOfSightComponent.cpp">
      <Filter>Game\GameComponent\Title</Filter>
    </ClCompile>
    <ClCompile Include="Game\GameComponent\Title\ShotComponent.cpp">
      <Filter>Game\GameComponent\Title</Filter>
    </ClCompile>
    <ClCompile Include="Game\GameComponent\Title\AppearTitleComponent.cpp">
      <Filter>Game\GameComponent\Title</Filter>
    </ClCompile>
    <ClCompile Include="Game\Object\Transform.cpp">
      <Filter>Game\Obj</Filter>
    </ClCompile>
  </ItemGroup>
  <ItemGroup>
    <ResourceCompile Include="resource.rc" />
  </ItemGroup>
  <ItemGroup>
    <Image Include="directx.ico">
      <Filter>Assets</Filter>
    </Image>
  </ItemGroup>
  <ItemGroup>
    <Manifest Include="settings.manifest">
      <Filter>Assets</Filter>
    </Manifest>
  </ItemGroup>
  <ItemGroup>
    <MeshContentTask Include="FBX\car.FBX">
      <Filter>FBX</Filter>
    </MeshContentTask>
    <MeshContentTask Include="FBX\burret.FBX">
      <Filter>FBX</Filter>
    </MeshContentTask>
    <MeshContentTask Include="FBX\room.FBX">
      <Filter>FBX</Filter>
    </MeshContentTask>
  </ItemGroup>
  <ItemGroup>
    <None Include="Game\DebugCollision\DebugPlane.inc" />
  </ItemGroup>
</Project>